// !$*UTF8*$!
{
	archiveVersion = 1;
	classes = {
	};
	objectVersion = 56;
	objects = {

/* Begin PBXBuildFile section */
		E384B1B52C2A02C4009C1F4F /* AboutMeApp.swift in Sources */ = {isa = PBXBuildFile; fileRef = E384B1B42C2A02C4009C1F4F /* AboutMeApp.swift */; };
		E384B1B72C2A02C4009C1F4F /* ContentView.swift in Sources */ = {isa = PBXBuildFile; fileRef = E384B1B62C2A02C4009C1F4F /* ContentView.swift */; };
		E384B1B92C2A02C8009C1F4F /* Assets.xcassets in Resources */ = {isa = PBXBuildFile; fileRef = E384B1B82C2A02C8009C1F4F /* Assets.xcassets */; };
		E384B1BC2C2A02C8009C1F4F /* Preview Assets.xcassets in Resources */ = {isa = PBXBuildFile; fileRef = E384B1BB2C2A02C8009C1F4F /* Preview Assets.xcassets */; };
		E384B1C62C2A02C8009C1F4F /* AboutMeTests.swift in Sources */ = {isa = PBXBuildFile; fileRef = E384B1C52C2A02C8009C1F4F /* AboutMeTests.swift */; };
		E384B1D02C2A02C9009C1F4F /* AboutMeUITests.swift in Sources */ = {isa = PBXBuildFile; fileRef = E384B1CF2C2A02C9009C1F4F /* AboutMeUITests.swift */; };
		E384B1D22C2A02C9009C1F4F /* AboutMeUITestsLaunchTests.swift in Sources */ = {isa = PBXBuildFile; fileRef = E384B1D12C2A02C9009C1F4F /* AboutMeUITestsLaunchTests.swift */; };
/* End PBXBuildFile section */

/* Begin PBXContainerItemProxy section */
		E384B1C22C2A02C8009C1F4F /* PBXContainerItemProxy */ = {
			isa = PBXContainerItemProxy;
			containerPortal = E384B1A92C2A02C4009C1F4F /* Project object */;
			proxyType = 1;
			remoteGlobalIDString = E384B1B02C2A02C4009C1F4F;
			remoteInfo = AboutMe;
		};
		E384B1CC2C2A02C9009C1F4F /* PBXContainerItemProxy */ = {
			isa = PBXContainerItemProxy;
			containerPortal = E384B1A92C2A02C4009C1F4F /* Project object */;
			proxyType = 1;
			remoteGlobalIDString = E384B1B02C2A02C4009C1F4F;
			remoteInfo = AboutMe;
		};
/* End PBXContainerItemProxy section */

/* Begin PBXFileReference section */
		E384B1B12C2A02C4009C1F4F /* AboutMe.app */ = {isa = PBXFileReference; explicitFileType = wrapper.application; includeInIndex = 0; path = AboutMe.app; sourceTree = BUILT_PRODUCTS_DIR; };
		E384B1B42C2A02C4009C1F4F /* AboutMeApp.swift */ = {isa = PBXFileReference; lastKnownFileType = sourcecode.swift; path = AboutMeApp.swift; sourceTree = "<group>"; };
		E384B1B62C2A02C4009C1F4F /* ContentView.swift */ = {isa = PBXFileReference; lastKnownFileType = sourcecode.swift; path = ContentView.swift; sourceTree = "<group>"; };
		E384B1B82C2A02C8009C1F4F /* Assets.xcassets */ = {isa = PBXFileReference; lastKnownFileType = folder.assetcatalog; path = Assets.xcassets; sourceTree = "<group>"; };
		E384B1BB2C2A02C8009C1F4F /* Preview Assets.xcassets */ = {isa = PBXFileReference; lastKnownFileType = folder.assetcatalog; path = "Preview Assets.xcassets"; sourceTree = "<group>"; };
		E384B1C12C2A02C8009C1F4F /* AboutMeTests.xctest */ = {isa = PBXFileReference; explicitFileType = wrapper.cfbundle; includeInIndex = 0; path = AboutMeTests.xctest; sourceTree = BUILT_PRODUCTS_DIR; };
		E384B1C52C2A02C8009C1F4F /* AboutMeTests.swift */ = {isa = PBXFileReference; lastKnownFileType = sourcecode.swift; path = AboutMeTests.swift; sourceTree = "<group>"; };
		E384B1CB2C2A02C9009C1F4F /* AboutMeUITests.xctest */ = {isa = PBXFileReference; explicitFileType = wrapper.cfbundle; includeInIndex = 0; path = AboutMeUITests.xctest; sourceTree = BUILT_PRODUCTS_DIR; };
		E384B1CF2C2A02C9009C1F4F /* AboutMeUITests.swift */ = {isa = PBXFileReference; lastKnownFileType = sourcecode.swift; path = AboutMeUITests.swift; sourceTree = "<group>"; };
		E384B1D12C2A02C9009C1F4F /* AboutMeUITestsLaunchTests.swift */ = {isa = PBXFileReference; lastKnownFileType = sourcecode.swift; path = AboutMeUITestsLaunchTests.swift; sourceTree = "<group>"; };
/* End PBXFileReference section */

/* Begin PBXFrameworksBuildPhase section */
		E384B1AE2C2A02C4009C1F4F /* Frameworks */ = {
			isa = PBXFrameworksBuildPhase;
			buildActionMask = 2147483647;
			files = (
			);
			runOnlyForDeploymentPostprocessing = 0;
		};
		E384B1BE2C2A02C8009C1F4F /* Frameworks */ = {
			isa = PBXFrameworksBuildPhase;
			buildActionMask = 2147483647;
			files = (
			);
			runOnlyForDeploymentPostprocessing = 0;
		};
		E384B1C82C2A02C9009C1F4F /* Frameworks */ = {
			isa = PBXFrameworksBuildPhase;
			buildActionMask = 2147483647;
			files = (
			);
			runOnlyForDeploymentPostprocessing = 0;
		};
/* End PBXFrameworksBuildPhase section */

/* Begin PBXGroup section */
		E384B1A82C2A02C4009C1F4F = {
			isa = PBXGroup;
			children = (
				E384B1B32C2A02C4009C1F4F /* AboutMe */,
				E384B1C42C2A02C8009C1F4F /* AboutMeTests */,
				E384B1CE2C2A02C9009C1F4F /* AboutMeUITests */,
				E384B1B22C2A02C4009C1F4F /* Products */,
			);
			sourceTree = "<group>";
		};
		E384B1B22C2A02C4009C1F4F /* Products */ = {
			isa = PBXGroup;
			children = (
				E384B1B12C2A02C4009C1F4F /* AboutMe.app */,
				E384B1C12C2A02C8009C1F4F /* AboutMeTests.xctest */,
				E384B1CB2C2A02C9009C1F4F /* AboutMeUITests.xctest */,
			);
			name = Products;
			sourceTree = "<group>";
		};
		E384B1B32C2A02C4009C1F4F /* AboutMe */ = {
			isa = PBXGroup;
			children = (
				E384B1B42C2A02C4009C1F4F /* AboutMeApp.swift */,
				E384B1B62C2A02C4009C1F4F /* ContentView.swift */,
				E384B1B82C2A02C8009C1F4F /* Assets.xcassets */,
				E384B1BA2C2A02C8009C1F4F /* Preview Content */,
			);
			path = AboutMe;
			sourceTree = "<group>";
		};
		E384B1BA2C2A02C8009C1F4F /* Preview Content */ = {
			isa = PBXGroup;
			children = (
				E384B1BB2C2A02C8009C1F4F /* Preview Assets.xcassets */,
			);
			path = "Preview Content";
			sourceTree = "<group>";
		};
		E384B1C42C2A02C8009C1F4F /* AboutMeTests */ = {
			isa = PBXGroup;
			children = (
				E384B1C52C2A02C8009C1F4F /* AboutMeTests.swift */,
			);
			path = AboutMeTests;
			sourceTree = "<group>";
		};
		E384B1CE2C2A02C9009C1F4F /* AboutMeUITests */ = {
			isa = PBXGroup;
			children = (
				E384B1CF2C2A02C9009C1F4F /* AboutMeUITests.swift */,
				E384B1D12C2A02C9009C1F4F /* AboutMeUITestsLaunchTests.swift */,
			);
			path = AboutMeUITests;
			sourceTree = "<group>";
		};
/* End PBXGroup section */

/* Begin PBXNativeTarget section */
		E384B1B02C2A02C4009C1F4F /* AboutMe */ = {
			isa = PBXNativeTarget;
			buildConfigurationList = E384B1D52C2A02C9009C1F4F /* Build configuration list for PBXNativeTarget "AboutMe" */;
			buildPhases = (
				E384B1AD2C2A02C4009C1F4F /* Sources */,
				E384B1AE2C2A02C4009C1F4F /* Frameworks */,
				E384B1AF2C2A02C4009C1F4F /* Resources */,
			);
			buildRules = (
			);
			dependencies = (
			);
			name = AboutMe;
			productName = AboutMe;
			productReference = E384B1B12C2A02C4009C1F4F /* AboutMe.app */;
			productType = "com.apple.product-type.application";
		};
		E384B1C02C2A02C8009C1F4F /* AboutMeTests */ = {
			isa = PBXNativeTarget;
			buildConfigurationList = E384B1D82C2A02C9009C1F4F /* Build configuration list for PBXNativeTarget "AboutMeTests" */;
			buildPhases = (
				E384B1BD2C2A02C8009C1F4F /* Sources */,
				E384B1BE2C2A02C8009C1F4F /* Frameworks */,
				E384B1BF2C2A02C8009C1F4F /* Resources */,
			);
			buildRules = (
			);
			dependencies = (
				E384B1C32C2A02C8009C1F4F /* PBXTargetDependency */,
			);
			name = AboutMeTests;
			productName = AboutMeTests;
			productReference = E384B1C12C2A02C8009C1F4F /* AboutMeTests.xctest */;
			productType = "com.apple.product-type.bundle.unit-test";
		};
		E384B1CA2C2A02C9009C1F4F /* AboutMeUITests */ = {
			isa = PBXNativeTarget;
			buildConfigurationList = E384B1DB2C2A02C9009C1F4F /* Build configuration list for PBXNativeTarget "AboutMeUITests" */;
			buildPhases = (
				E384B1C72C2A02C9009C1F4F /* Sources */,
				E384B1C82C2A02C9009C1F4F /* Frameworks */,
				E384B1C92C2A02C9009C1F4F /* Resources */,
			);
			buildRules = (
			);
			dependencies = (
				E384B1CD2C2A02C9009C1F4F /* PBXTargetDependency */,
			);
			name = AboutMeUITests;
			productName = AboutMeUITests;
			productReference = E384B1CB2C2A02C9009C1F4F /* AboutMeUITests.xctest */;
			productType = "com.apple.product-type.bundle.ui-testing";
		};
/* End PBXNativeTarget section */

/* Begin PBXProject section */
		E384B1A92C2A02C4009C1F4F /* Project object */ = {
			isa = PBXProject;
			attributes = {
				BuildIndependentTargetsInParallel = 1;
				LastSwiftUpdateCheck = 1540;
				LastUpgradeCheck = 1540;
				TargetAttributes = {
					E384B1B02C2A02C4009C1F4F = {
						CreatedOnToolsVersion = 15.4;
					};
					E384B1C02C2A02C8009C1F4F = {
						CreatedOnToolsVersion = 15.4;
						TestTargetID = E384B1B02C2A02C4009C1F4F;
					};
					E384B1CA2C2A02C9009C1F4F = {
						CreatedOnToolsVersion = 15.4;
						TestTargetID = E384B1B02C2A02C4009C1F4F;
					};
				};
			};
			buildConfigurationList = E384B1AC2C2A02C4009C1F4F /* Build configuration list for PBXProject "AboutMe" */;
			compatibilityVersion = "Xcode 14.0";
			developmentRegion = en;
			hasScannedForEncodings = 0;
			knownRegions = (
				en,
				Base,
			);
			mainGroup = E384B1A82C2A02C4009C1F4F;
			productRefGroup = E384B1B22C2A02C4009C1F4F /* Products */;
			projectDirPath = "";
			projectRoot = "";
			targets = (
				E384B1B02C2A02C4009C1F4F /* AboutMe */,
				E384B1C02C2A02C8009C1F4F /* AboutMeTests */,
				E384B1CA2C2A02C9009C1F4F /* AboutMeUITests */,
			);
		};
/* End PBXProject section */

/* Begin PBXResourcesBuildPhase section */
		E384B1AF2C2A02C4009C1F4F /* Resources */ = {
			isa = PBXResourcesBuildPhase;
			buildActionMask = 2147483647;
			files = (
				E384B1BC2C2A02C8009C1F4F /* Preview Assets.xcassets in Resources */,
				E384B1B92C2A02C8009C1F4F /* Assets.xcassets in Resources */,
			);
			runOnlyForDeploymentPostprocessing = 0;
		};
		E384B1BF2C2A02C8009C1F4F /* Resources */ = {
			isa = PBXResourcesBuildPhase;
			buildActionMask = 2147483647;
			files = (
			);
			runOnlyForDeploymentPostprocessing = 0;
		};
		E384B1C92C2A02C9009C1F4F /* Resources */ = {
			isa = PBXResourcesBuildPhase;
			buildActionMask = 2147483647;
			files = (
			);
			runOnlyForDeploymentPostprocessing = 0;
		};
/* End PBXResourcesBuildPhase section */

/* Begin PBXSourcesBuildPhase section */
		E384B1AD2C2A02C4009C1F4F /* Sources */ = {
			isa = PBXSourcesBuildPhase;
			buildActionMask = 2147483647;
			files = (
				E384B1B72C2A02C4009C1F4F /* ContentView.swift in Sources */,
				E384B1B52C2A02C4009C1F4F /* AboutMeApp.swift in Sources */,
			);
			runOnlyForDeploymentPostprocessing = 0;
		};
		E384B1BD2C2A02C8009C1F4F /* Sources */ = {
			isa = PBXSourcesBuildPhase;
			buildActionMask = 2147483647;
			files = (
				E384B1C62C2A02C8009C1F4F /* AboutMeTests.swift in Sources */,
			);
			runOnlyForDeploymentPostprocessing = 0;
		};
		E384B1C72C2A02C9009C1F4F /* Sources */ = {
			isa = PBXSourcesBuildPhase;
			buildActionMask = 2147483647;
			files = (
				E384B1D22C2A02C9009C1F4F /* AboutMeUITestsLaunchTests.swift in Sources */,
				E384B1D02C2A02C9009C1F4F /* AboutMeUITests.swift in Sources */,
			);
			runOnlyForDeploymentPostprocessing = 0;
		};
/* End PBXSourcesBuildPhase section */

/* Begin PBXTargetDependency section */
		E384B1C32C2A02C8009C1F4F /* PBXTargetDependency */ = {
			isa = PBXTargetDependency;
			target = E384B1B02C2A02C4009C1F4F /* AboutMe */;
			targetProxy = E384B1C22C2A02C8009C1F4F /* PBXContainerItemProxy */;
		};
		E384B1CD2C2A02C9009C1F4F /* PBXTargetDependency */ = {
			isa = PBXTargetDependency;
			target = E384B1B02C2A02C4009C1F4F /* AboutMe */;
			targetProxy = E384B1CC2C2A02C9009C1F4F /* PBXContainerItemProxy */;
		};
/* End PBXTargetDependency section */

/* Begin XCBuildConfiguration section */
		E384B1D32C2A02C9009C1F4F /* Debug */ = {
			isa = XCBuildConfiguration;
			buildSettings = {
				ALWAYS_SEARCH_USER_PATHS = NO;
				ASSETCATALOG_COMPILER_GENERATE_SWIFT_ASSET_SYMBOL_EXTENSIONS = YES;
				CLANG_ANALYZER_NONNULL = YES;
				CLANG_ANALYZER_NUMBER_OBJECT_CONVERSION = YES_AGGRESSIVE;
				CLANG_CXX_LANGUAGE_STANDARD = "gnu++20";
				CLANG_ENABLE_MODULES = YES;
				CLANG_ENABLE_OBJC_ARC = YES;
				CLANG_ENABLE_OBJC_WEAK = YES;
				CLANG_WARN_BLOCK_CAPTURE_AUTORELEASING = YES;
				CLANG_WARN_BOOL_CONVERSION = YES;
				CLANG_WARN_COMMA = YES;
				CLANG_WARN_CONSTANT_CONVERSION = YES;
				CLANG_WARN_DEPRECATED_OBJC_IMPLEMENTATIONS = YES;
				CLANG_WARN_DIRECT_OBJC_ISA_USAGE = YES_ERROR;
				CLANG_WARN_DOCUMENTATION_COMMENTS = YES;
				CLANG_WARN_EMPTY_BODY = YES;
				CLANG_WARN_ENUM_CONVERSION = YES;
				CLANG_WARN_INFINITE_RECURSION = YES;
				CLANG_WARN_INT_CONVERSION = YES;
				CLANG_WARN_NON_LITERAL_NULL_CONVERSION = YES;
				CLANG_WARN_OBJC_IMPLICIT_RETAIN_SELF = YES;
				CLANG_WARN_OBJC_LITERAL_CONVERSION = YES;
				CLANG_WARN_OBJC_ROOT_CLASS = YES_ERROR;
				CLANG_WARN_QUOTED_INCLUDE_IN_FRAMEWORK_HEADER = YES;
				CLANG_WARN_RANGE_LOOP_ANALYSIS = YES;
				CLANG_WARN_STRICT_PROTOTYPES = YES;
				CLANG_WARN_SUSPICIOUS_MOVE = YES;
				CLANG_WARN_UNGUARDED_AVAILABILITY = YES_AGGRESSIVE;
				CLANG_WARN_UNREACHABLE_CODE = YES;
				CLANG_WARN__DUPLICATE_METHOD_MATCH = YES;
				COPY_PHASE_STRIP = NO;
				DEBUG_INFORMATION_FORMAT = dwarf;
				ENABLE_STRICT_OBJC_MSGSEND = YES;
				ENABLE_TESTABILITY = YES;
				ENABLE_USER_SCRIPT_SANDBOXING = YES;
				GCC_C_LANGUAGE_STANDARD = gnu17;
				GCC_DYNAMIC_NO_PIC = NO;
				GCC_NO_COMMON_BLOCKS = YES;
				GCC_OPTIMIZATION_LEVEL = 0;
				GCC_PREPROCESSOR_DEFINITIONS = (
					"DEBUG=1",
					"$(inherited)",
				);
				GCC_WARN_64_TO_32_BIT_CONVERSION = YES;
				GCC_WARN_ABOUT_RETURN_TYPE = YES_ERROR;
				GCC_WARN_UNDECLARED_SELECTOR = YES;
				GCC_WARN_UNINITIALIZED_AUTOS = YES_AGGRESSIVE;
				GCC_WARN_UNUSED_FUNCTION = YES;
				GCC_WARN_UNUSED_VARIABLE = YES;
				IPHONEOS_DEPLOYMENT_TARGET = 17.5;
				LOCALIZATION_PREFERS_STRING_CATALOGS = YES;
				MTL_ENABLE_DEBUG_INFO = INCLUDE_SOURCE;
				MTL_FAST_MATH = YES;
				ONLY_ACTIVE_ARCH = YES;
				SDKROOT = iphoneos;
				SWIFT_ACTIVE_COMPILATION_CONDITIONS = "DEBUG $(inherited)";
				SWIFT_OPTIMIZATION_LEVEL = "-Onone";
			};
			name = Debug;
		};
		E384B1D42C2A02C9009C1F4F /* Release */ = {
			isa = XCBuildConfiguration;
			buildSettings = {
				ALWAYS_SEARCH_USER_PATHS = NO;
				ASSETCATALOG_COMPILER_GENERATE_SWIFT_ASSET_SYMBOL_EXTENSIONS = YES;
				CLANG_ANALYZER_NONNULL = YES;
				CLANG_ANALYZER_NUMBER_OBJECT_CONVERSION = YES_AGGRESSIVE;
				CLANG_CXX_LANGUAGE_STANDARD = "gnu++20";
				CLANG_ENABLE_MODULES = YES;
				CLANG_ENABLE_OBJC_ARC = YES;
				CLANG_ENABLE_OBJC_WEAK = YES;
				CLANG_WARN_BLOCK_CAPTURE_AUTORELEASING = YES;
				CLANG_WARN_BOOL_CONVERSION = YES;
				CLANG_WARN_COMMA = YES;
				CLANG_WARN_CONSTANT_CONVERSION = YES;
				CLANG_WARN_DEPRECATED_OBJC_IMPLEMENTATIONS = YES;
				CLANG_WARN_DIRECT_OBJC_ISA_USAGE = YES_ERROR;
				CLANG_WARN_DOCUMENTATION_COMMENTS = YES;
				CLANG_WARN_EMPTY_BODY = YES;
				CLANG_WARN_ENUM_CONVERSION = YES;
				CLANG_WARN_INFINITE_RECURSION = YES;
				CLANG_WARN_INT_CONVERSION = YES;
				CLANG_WARN_NON_LITERAL_NULL_CONVERSION = YES;
				CLANG_WARN_OBJC_IMPLICIT_RETAIN_SELF = YES;
				CLANG_WARN_OBJC_LITERAL_CONVERSION = YES;
				CLANG_WARN_OBJC_ROOT_CLASS = YES_ERROR;
				CLANG_WARN_QUOTED_INCLUDE_IN_FRAMEWORK_HEADER = YES;
				CLANG_WARN_RANGE_LOOP_ANALYSIS = YES;
				CLANG_WARN_STRICT_PROTOTYPES = YES;
				CLANG_WARN_SUSPICIOUS_MOVE = YES;
				CLANG_WARN_UNGUARDED_AVAILABILITY = YES_AGGRESSIVE;
				CLANG_WARN_UNREACHABLE_CODE = YES;
				CLANG_WARN__DUPLICATE_METHOD_MATCH = YES;
				COPY_PHASE_STRIP = NO;
				DEBUG_INFORMATION_FORMAT = "dwarf-with-dsym";
				ENABLE_NS_ASSERTIONS = NO;
				ENABLE_STRICT_OBJC_MSGSEND = YES;
				ENABLE_USER_SCRIPT_SANDBOXING = YES;
				GCC_C_LANGUAGE_STANDARD = gnu17;
				GCC_NO_COMMON_BLOCKS = YES;
				GCC_WARN_64_TO_32_BIT_CONVERSION = YES;
				GCC_WARN_ABOUT_RETURN_TYPE = YES_ERROR;
				GCC_WARN_UNDECLARED_SELECTOR = YES;
				GCC_WARN_UNINITIALIZED_AUTOS = YES_AGGRESSIVE;
				GCC_WARN_UNUSED_FUNCTION = YES;
				GCC_WARN_UNUSED_VARIABLE = YES;
				IPHONEOS_DEPLOYMENT_TARGET = 17.5;
				LOCALIZATION_PREFERS_STRING_CATALOGS = YES;
				MTL_ENABLE_DEBUG_INFO = NO;
				MTL_FAST_MATH = YES;
				SDKROOT = iphoneos;
				SWIFT_COMPILATION_MODE = wholemodule;
				VALIDATE_PRODUCT = YES;
			};
			name = Release;
		};
		E384B1D62C2A02C9009C1F4F /* Debug */ = {
			isa = XCBuildConfiguration;
			buildSettings = {
				ASSETCATALOG_COMPILER_APPICON_NAME = AppIcon;
				ASSETCATALOG_COMPILER_GLOBAL_ACCENT_COLOR_NAME = AccentColor;
				CODE_SIGN_STYLE = Automatic;
				CURRENT_PROJECT_VERSION = 1;
				DEVELOPMENT_ASSET_PATHS = "\"AboutMe/Preview Content\"";
				ENABLE_PREVIEWS = YES;
				GENERATE_INFOPLIST_FILE = YES;
				INFOPLIST_KEY_UIApplicationSceneManifest_Generation = YES;
				INFOPLIST_KEY_UIApplicationSupportsIndirectInputEvents = YES;
				INFOPLIST_KEY_UILaunchScreen_Generation = YES;
				INFOPLIST_KEY_UISupportedInterfaceOrientations_iPad = "UIInterfaceOrientationPortrait UIInterfaceOrientationPortraitUpsideDown UIInterfaceOrientationLandscapeLeft UIInterfaceOrientationLandscapeRight";
				INFOPLIST_KEY_UISupportedInterfaceOrientations_iPhone = "UIInterfaceOrientationPortrait UIInterfaceOrientationLandscapeLeft UIInterfaceOrientationLandscapeRight";
				LD_RUNPATH_SEARCH_PATHS = (
					"$(inherited)",
					"@executable_path/Frameworks",
				);
				MARKETING_VERSION = 1.0;
				PRODUCT_BUNDLE_IDENTIFIER = kwk.AboutMe;
				PRODUCT_NAME = "$(TARGET_NAME)";
				SWIFT_EMIT_LOC_STRINGS = YES;
				SWIFT_VERSION = 5.0;
				TARGETED_DEVICE_FAMILY = "1,2";
			};
			name = Debug;
		};
		E384B1D72C2A02C9009C1F4F /* Release */ = {
			isa = XCBuildConfiguration;
			buildSettings = {
				ASSETCATALOG_COMPILER_APPICON_NAME = AppIcon;
				ASSETCATALOG_COMPILER_GLOBAL_ACCENT_COLOR_NAME = AccentColor;
				CODE_SIGN_STYLE = Automatic;
				CURRENT_PROJECT_VERSION = 1;
				DEVELOPMENT_ASSET_PATHS = "\"AboutMe/Preview Content\"";
				ENABLE_PREVIEWS = YES;
				GENERATE_INFOPLIST_FILE = YES;
				INFOPLIST_KEY_UIApplicationSceneManifest_Generation = YES;
				INFOPLIST_KEY_UIApplicationSupportsIndirectInputEvents = YES;
				INFOPLIST_KEY_UILaunchScreen_Generation = YES;
				INFOPLIST_KEY_UISupportedInterfaceOrientations_iPad = "UIInterfaceOrientationPortrait UIInterfaceOrientationPortraitUpsideDown UIInterfaceOrientationLandscapeLeft UIInterfaceOrientationLandscapeRight";
				INFOPLIST_KEY_UISupportedInterfaceOrientations_iPhone = "UIInterfaceOrientationPortrait UIInterfaceOrientationLandscapeLeft UIInterfaceOrientationLandscapeRight";
				LD_RUNPATH_SEARCH_PATHS = (
					"$(inherited)",
					"@executable_path/Frameworks",
				);
				MARKETING_VERSION = 1.0;
				PRODUCT_BUNDLE_IDENTIFIER = kwk.AboutMe;
				PRODUCT_NAME = "$(TARGET_NAME)";
				SWIFT_EMIT_LOC_STRINGS = YES;
				SWIFT_VERSION = 5.0;
				TARGETED_DEVICE_FAMILY = "1,2";
			};
			name = Release;
		};
		E384B1D92C2A02C9009C1F4F /* Debug */ = {
			isa = XCBuildConfiguration;
			buildSettings = {
				ALWAYS_EMBED_SWIFT_STANDARD_LIBRARIES = YES;
				BUNDLE_LOADER = "$(TEST_HOST)";
				CODE_SIGN_STYLE = Automatic;
				CURRENT_PROJECT_VERSION = 1;
				GENERATE_INFOPLIST_FILE = YES;
				IPHONEOS_DEPLOYMENT_TARGET = 17.5;
				MARKETING_VERSION = 1.0;
				PRODUCT_BUNDLE_IDENTIFIER = kwk.AboutMeTests;
				PRODUCT_NAME = "$(TARGET_NAME)";
				SWIFT_EMIT_LOC_STRINGS = NO;
				SWIFT_VERSION = 5.0;
				TARGETED_DEVICE_FAMILY = "1,2";
				TEST_HOST = "$(BUILT_PRODUCTS_DIR)/AboutMe.app/$(BUNDLE_EXECUTABLE_FOLDER_PATH)/AboutMe";
			};
			name = Debug;
		};
		E384B1DA2C2A02C9009C1F4F /* Release */ = {
			isa = XCBuildConfiguration;
			buildSettings = {
				ALWAYS_EMBED_SWIFT_STANDARD_LIBRARIES = YES;
				BUNDLE_LOADER = "$(TEST_HOST)";
				CODE_SIGN_STYLE = Automatic;
				CURRENT_PROJECT_VERSION = 1;
				GENERATE_INFOPLIST_FILE = YES;
				IPHONEOS_DEPLOYMENT_TARGET = 17.5;
				MARKETING_VERSION = 1.0;
				PRODUCT_BUNDLE_IDENTIFIER = kwk.AboutMeTests;
				PRODUCT_NAME = "$(TARGET_NAME)";
				SWIFT_EMIT_LOC_STRINGS = NO;
				SWIFT_VERSION = 5.0;
				TARGETED_DEVICE_FAMILY = "1,2";
				TEST_HOST = "$(BUILT_PRODUCTS_DIR)/AboutMe.app/$(BUNDLE_EXECUTABLE_FOLDER_PATH)/AboutMe";
			};
			name = Release;
		};
		E384B1DC2C2A02C9009C1F4F /* Debug */ = {
			isa = XCBuildConfiguration;
			buildSettings = {
				ALWAYS_EMBED_SWIFT_STANDARD_LIBRARIES = YES;
				CODE_SIGN_STYLE = Automatic;
				CURRENT_PROJECT_VERSION = 1;
				GENERATE_INFOPLIST_FILE = YES;
				MARKETING_VERSION = 1.0;
				PRODUCT_BUNDLE_IDENTIFIER = kwk.AboutMeUITests;
				PRODUCT_NAME = "$(TARGET_NAME)";
				SWIFT_EMIT_LOC_STRINGS = NO;
				SWIFT_VERSION = 5.0;
				TARGETED_DEVICE_FAMILY = "1,2";
				TEST_TARGET_NAME = AboutMe;
			};
			name = Debug;
		};
		E384B1DD2C2A02C9009C1F4F /* Release */ = {
			isa = XCBuildConfiguration;
			buildSettings = {
				ALWAYS_EMBED_SWIFT_STANDARD_LIBRARIES = YES;
				CODE_SIGN_STYLE = Automatic;
				CURRENT_PROJECT_VERSION = 1;
				GENERATE_INFOPLIST_FILE = YES;
				MARKETING_VERSION = 1.0;
				PRODUCT_BUNDLE_IDENTIFIER = kwk.AboutMeUITests;
				PRODUCT_NAME = "$(TARGET_NAME)";
				SWIFT_EMIT_LOC_STRINGS = NO;
				SWIFT_VERSION = 5.0;
				TARGETED_DEVICE_FAMILY = "1,2";
				TEST_TARGET_NAME = AboutMe;
			};
			name = Release;
		};
/* End XCBuildConfiguration section */

/* Begin XCConfigurationList section */
		E384B1AC2C2A02C4009C1F4F /* Build configuration list for PBXProject "AboutMe" */ = {
			isa = XCConfigurationList;
			buildConfigurations = (
				E384B1D32C2A02C9009C1F4F /* Debug */,
				E384B1D42C2A02C9009C1F4F /* Release */,
			);
			defaultConfigurationIsVisible = 0;
			defaultConfigurationName = Release;
		};
		E384B1D52C2A02C9009C1F4F /* Build configuration list for PBXNativeTarget "AboutMe" */ = {
			isa = XCConfigurationList;
			buildConfigurations = (
				E384B1D62C2A02C9009C1F4F /* Debug */,
				E384B1D72C2A02C9009C1F4F /* Release */,
			);
			defaultConfigurationIsVisible = 0;
			defaultConfigurationName = Release;
		};
		E384B1D82C2A02C9009C1F4F /* Build configuration list for PBXNativeTarget "AboutMeTests" */ = {
			isa = XCConfigurationList;
			buildConfigurations = (
				E384B1D92C2A02C9009C1F4F /* Debug */,
				E384B1DA2C2A02C9009C1F4F /* Release */,
			);
			defaultConfigurationIsVisible = 0;
			defaultConfigurationName = Release;
		};
		E384B1DB2C2A02C9009C1F4F /* Build configuration list for PBXNativeTarget "AboutMeUITests" */ = {
			isa = XCConfigurationList;
			buildConfigurations = (
				E384B1DC2C2A02C9009C1F4F /* Debug */,
				E384B1DD2C2A02C9009C1F4F /* Release */,
			);
			defaultConfigurationIsVisible = 0;
			defaultConfigurationName = Release;
		};
/* End XCConfigurationList section */
	};
	rootObject = E384B1A92C2A02C4009C1F4F /* Project object */;
}
